
Microsoft Visual Studio Solution File, Format Version 11.00
# Visual Studio 2010
Project("{8BC9CEB8-8B4A-11D0-8D11-00A0C91BC942}") = "no_paging_allocator", "no_paging_allocator.vcxproj", "{30BE6630-EFE5-4395-9E9F-4E69DD5CCD32}"
EndProject
Global
	GlobalSection(SolutionConfigurationPlatforms) = preSolution
		Debug|Win32 = Debug|Win32
		Release|Win32 = Release|Win32
	EndGlobalSection
	GlobalSection(ProjectConfigurationPlatforms) = postSolution
		{30BE6630-EFE5-4395-9E9F-4E69DD5CCD32}.Debug|Win32.ActiveCfg = Debug|Win32
		{30BE6630-EFE5-4395-9E9F-4E69DD5CCD32}.Debug|Win32.Build.0 = Debug|Win32
		{30BE6630-EFE5-4395-9E9F-4E69DD5CCD32}.Release|Win32.ActiveCfg = Release|Win32
		{30BE6630-EFE5-4395-9E9F-4E69DD5CCD32}.Release|Win32.Build.0 = Release|Win32
	EndGlobalSection
	GlobalSection(SolutionProperties) = preSolution
		HideSolutionNode = FALSE
	EndGlobalSection
EndGlobal
