
Microsoft Visual Studio Solution File, Format Version 11.00
# Visual Studio 2010
Project("{8BC9CEB8-8B4A-11D0-8D11-00A0C91BC942}") = "HeapWalker", "HeapWalker.vcxproj", "{C0C4034B-1B14-4D7C-879D-9E685133E378}"
EndProject
Project("{FAE04EC0-301F-11D3-BF4B-00C04F79EFBC}") = "MemoryMap", "MemoryMap\MemoryMap.csproj", "{4C1A91A2-B94F-4950-A37C-A71EA6CEE140}"
EndProject
Global
	GlobalSection(SolutionConfigurationPlatforms) = preSolution
		Debug|Mixed Platforms = Debug|Mixed Platforms
		Debug|Win32 = Debug|Win32
		Debug|x86 = Debug|x86
		Release|Mixed Platforms = Release|Mixed Platforms
		Release|Win32 = Release|Win32
		Release|x86 = Release|x86
	EndGlobalSection
	GlobalSection(ProjectConfigurationPlatforms) = postSolution
		{C0C4034B-1B14-4D7C-879D-9E685133E378}.Debug|Mixed Platforms.ActiveCfg = Debug|Win32
		{C0C4034B-1B14-4D7C-879D-9E685133E378}.Debug|Mixed Platforms.Build.0 = Debug|Win32
		{C0C4034B-1B14-4D7C-879D-9E685133E378}.Debug|Win32.ActiveCfg = Debug|Win32
		{C0C4034B-1B14-4D7C-879D-9E685133E378}.Debug|Win32.Build.0 = Debug|Win32
		{C0C4034B-1B14-4D7C-879D-9E685133E378}.Debug|x86.ActiveCfg = Debug|Win32
		{C0C4034B-1B14-4D7C-879D-9E685133E378}.Debug|x86.Build.0 = Debug|Win32
		{C0C4034B-1B14-4D7C-879D-9E685133E378}.Release|Mixed Platforms.ActiveCfg = Release|Win32
		{C0C4034B-1B14-4D7C-879D-9E685133E378}.Release|Mixed Platforms.Build.0 = Release|Win32
		{C0C4034B-1B14-4D7C-879D-9E685133E378}.Release|Win32.ActiveCfg = Release|Win32
		{C0C4034B-1B14-4D7C-879D-9E685133E378}.Release|Win32.Build.0 = Release|Win32
		{C0C4034B-1B14-4D7C-879D-9E685133E378}.Release|x86.ActiveCfg = Release|Win32
		{C0C4034B-1B14-4D7C-879D-9E685133E378}.Release|x86.Build.0 = Release|Win32
		{4C1A91A2-B94F-4950-A37C-A71EA6CEE140}.Debug|Mixed Platforms.ActiveCfg = Debug|x86
		{4C1A91A2-B94F-4950-A37C-A71EA6CEE140}.Debug|Mixed Platforms.Build.0 = Debug|x86
		{4C1A91A2-B94F-4950-A37C-A71EA6CEE140}.Debug|Win32.ActiveCfg = Debug|x86
		{4C1A91A2-B94F-4950-A37C-A71EA6CEE140}.Debug|Win32.Build.0 = Debug|x86
		{4C1A91A2-B94F-4950-A37C-A71EA6CEE140}.Debug|x86.ActiveCfg = Debug|x86
		{4C1A91A2-B94F-4950-A37C-A71EA6CEE140}.Debug|x86.Build.0 = Debug|x86
		{4C1A91A2-B94F-4950-A37C-A71EA6CEE140}.Release|Mixed Platforms.ActiveCfg = Release|x86
		{4C1A91A2-B94F-4950-A37C-A71EA6CEE140}.Release|Mixed Platforms.Build.0 = Release|x86
		{4C1A91A2-B94F-4950-A37C-A71EA6CEE140}.Release|Win32.ActiveCfg = Release|x86
		{4C1A91A2-B94F-4950-A37C-A71EA6CEE140}.Release|Win32.Build.0 = Release|x86
		{4C1A91A2-B94F-4950-A37C-A71EA6CEE140}.Release|x86.ActiveCfg = Release|x86
		{4C1A91A2-B94F-4950-A37C-A71EA6CEE140}.Release|x86.Build.0 = Release|x86
	EndGlobalSection
	GlobalSection(SolutionProperties) = preSolution
		HideSolutionNode = FALSE
	EndGlobalSection
EndGlobal
