
Microsoft Visual Studio Solution File, Format Version 11.00
# Visual Studio 2010
Project("{8BC9CEB8-8B4A-11D0-8D11-00A0C91BC942}") = "HeapWalker", "HeapWalker.vcxproj", "{C0C4034B-1B14-4D7C-879D-9E685133E378}"
EndProject
Global
	GlobalSection(SolutionConfigurationPlatforms) = preSolution
		Debug|Win32 = Debug|Win32
		Release|Win32 = Release|Win32
	EndGlobalSection
	GlobalSection(ProjectConfigurationPlatforms) = postSolution
		{C0C4034B-1B14-4D7C-879D-9E685133E378}.Debug|Win32.ActiveCfg = Debug|Win32
		{C0C4034B-1B14-4D7C-879D-9E685133E378}.Debug|Win32.Build.0 = Debug|Win32
		{C0C4034B-1B14-4D7C-879D-9E685133E378}.Release|Win32.ActiveCfg = Release|Win32
		{C0C4034B-1B14-4D7C-879D-9E685133E378}.Release|Win32.Build.0 = Release|Win32
	EndGlobalSection
	GlobalSection(SolutionProperties) = preSolution
		HideSolutionNode = FALSE
	EndGlobalSection
EndGlobal
